
Microsoft Visual Studio Solution File, Format Version 12.00
# Visual Studio Version 17
VisualStudioVersion = 17.9.34714.143
MinimumVisualStudioVersion = 10.0.40219.1
Project("{9A19103F-16F7-4668-BE54-9A1E7A4F7556}") = "GamblersHell.Server", "GamblersHell.Server\GamblersHell.Server.csproj", "{13355D9D-7DE2-4E1F-95FA-A39CD45E72A6}"
EndProject
Project("{9A19103F-16F7-4668-BE54-9A1E7A4F7556}") = "GamblersHell.Shared", "GamblersHell.Shared\GamblersHell.Shared.csproj", "{6D9734D1-856E-4057-A703-128456A430A9}"
EndProject
Project("{9A19103F-16F7-4668-BE54-9A1E7A4F7556}") = "GamblersHell.Client", "GamblersHell.Client\GamblersHell.Client.csproj", "{AC46880D-5729-4597-A24A-21D56C5F6F5D}"
EndProject
Global
	GlobalSection(SolutionConfigurationPlatforms) = preSolution
		Debug|Any CPU = Debug|Any CPU
		Release|Any CPU = Release|Any CPU
	EndGlobalSection
	GlobalSection(ProjectConfigurationPlatforms) = postSolution
		{13355D9D-7DE2-4E1F-95FA-A39CD45E72A6}.Debug|Any CPU.ActiveCfg = Debug|Any CPU
		{13355D9D-7DE2-4E1F-95FA-A39CD45E72A6}.Debug|Any CPU.Build.0 = Debug|Any CPU
		{13355D9D-7DE2-4E1F-95FA-A39CD45E72A6}.Release|Any CPU.ActiveCfg = Release|Any CPU
		{13355D9D-7DE2-4E1F-95FA-A39CD45E72A6}.Release|Any CPU.Build.0 = Release|Any CPU
		{6D9734D1-856E-4057-A703-128456A430A9}.Debug|Any CPU.ActiveCfg = Debug|Any CPU
		{6D9734D1-856E-4057-A703-128456A430A9}.Debug|Any CPU.Build.0 = Debug|Any CPU
		{6D9734D1-856E-4057-A703-128456A430A9}.Release|Any CPU.ActiveCfg = Release|Any CPU
		{6D9734D1-856E-4057-A703-128456A430A9}.Release|Any CPU.Build.0 = Release|Any CPU
		{AC46880D-5729-4597-A24A-21D56C5F6F5D}.Debug|Any CPU.ActiveCfg = Debug|Any CPU
		{AC46880D-5729-4597-A24A-21D56C5F6F5D}.Debug|Any CPU.Build.0 = Debug|Any CPU
		{AC46880D-5729-4597-A24A-21D56C5F6F5D}.Release|Any CPU.ActiveCfg = Release|Any CPU
		{AC46880D-5729-4597-A24A-21D56C5F6F5D}.Release|Any CPU.Build.0 = Release|Any CPU
	EndGlobalSection
	GlobalSection(SolutionProperties) = preSolution
		HideSolutionNode = FALSE
	EndGlobalSection
	GlobalSection(ExtensibilityGlobals) = postSolution
		SolutionGuid = {9521D7E3-5592-4937-9B69-B08C8285FC48}
	EndGlobalSection
EndGlobal
